
Microsoft Visual Studio Solution File, Format Version 12.00
# Visual Studio Version 17
VisualStudioVersion = 17.0.32014.148
MinimumVisualStudioVersion = 10.0.40219.1
Project("{FAE04EC0-301F-11D3-BF4B-00C04F79EFBC}") = "SchoolManger", "SchoolManger\SchoolManger.csproj", "{7BA83CF0-403F-400D-8501-07FC4755B9E5}"
EndProject
Project("{FAE04EC0-301F-11D3-BF4B-00C04F79EFBC}") = "Model", "Model\Model.csproj", "{ED112C57-2A25-4CA7-A395-1DCFA21176D5}"
EndProject
Project("{FAE04EC0-301F-11D3-BF4B-00C04F79EFBC}") = "ISchoolDAL", "SchoolIDAL\ISchoolDAL.csproj", "{F83EEBA3-BBB8-48EA-B881-E6D723A83AC9}"
EndProject
Project("{FAE04EC0-301F-11D3-BF4B-00C04F79EFBC}") = "SchoolDAl", "SchoolDAl\SchoolDAl.csproj", "{7B634065-78BF-4D69-9F87-BC3DF472BFA6}"
EndProject
Project("{FAE04EC0-301F-11D3-BF4B-00C04F79EFBC}") = "ISchoolBLL", "ISchoolBLL\ISchoolBLL.csproj", "{7EEC26EF-7C23-442D-A6BC-882E2E03C826}"
EndProject
Project("{FAE04EC0-301F-11D3-BF4B-00C04F79EFBC}") = "SchoolBLL", "SchoolBLL\SchoolBLL.csproj", "{AC483632-012D-47EA-A40B-8F2E781B9F9F}"
EndProject
Global
	GlobalSection(SolutionConfigurationPlatforms) = preSolution
		Debug|Any CPU = Debug|Any CPU
		Release|Any CPU = Release|Any CPU
	EndGlobalSection
	GlobalSection(ProjectConfigurationPlatforms) = postSolution
		{7BA83CF0-403F-400D-8501-07FC4755B9E5}.Debug|Any CPU.ActiveCfg = Debug|Any CPU
		{7BA83CF0-403F-400D-8501-07FC4755B9E5}.Debug|Any CPU.Build.0 = Debug|Any CPU
		{7BA83CF0-403F-400D-8501-07FC4755B9E5}.Release|Any CPU.ActiveCfg = Release|Any CPU
		{7BA83CF0-403F-400D-8501-07FC4755B9E5}.Release|Any CPU.Build.0 = Release|Any CPU
		{ED112C57-2A25-4CA7-A395-1DCFA21176D5}.Debug|Any CPU.ActiveCfg = Debug|Any CPU
		{ED112C57-2A25-4CA7-A395-1DCFA21176D5}.Debug|Any CPU.Build.0 = Debug|Any CPU
		{ED112C57-2A25-4CA7-A395-1DCFA21176D5}.Release|Any CPU.ActiveCfg = Release|Any CPU
		{ED112C57-2A25-4CA7-A395-1DCFA21176D5}.Release|Any CPU.Build.0 = Release|Any CPU
		{F83EEBA3-BBB8-48EA-B881-E6D723A83AC9}.Debug|Any CPU.ActiveCfg = Debug|Any CPU
		{F83EEBA3-BBB8-48EA-B881-E6D723A83AC9}.Debug|Any CPU.Build.0 = Debug|Any CPU
		{F83EEBA3-BBB8-48EA-B881-E6D723A83AC9}.Release|Any CPU.ActiveCfg = Release|Any CPU
		{F83EEBA3-BBB8-48EA-B881-E6D723A83AC9}.Release|Any CPU.Build.0 = Release|Any CPU
		{7B634065-78BF-4D69-9F87-BC3DF472BFA6}.Debug|Any CPU.ActiveCfg = Debug|Any CPU
		{7B634065-78BF-4D69-9F87-BC3DF472BFA6}.Debug|Any CPU.Build.0 = Debug|Any CPU
		{7B634065-78BF-4D69-9F87-BC3DF472BFA6}.Release|Any CPU.ActiveCfg = Release|Any CPU
		{7B634065-78BF-4D69-9F87-BC3DF472BFA6}.Release|Any CPU.Build.0 = Release|Any CPU
		{7EEC26EF-7C23-442D-A6BC-882E2E03C826}.Debug|Any CPU.ActiveCfg = Debug|Any CPU
		{7EEC26EF-7C23-442D-A6BC-882E2E03C826}.Debug|Any CPU.Build.0 = Debug|Any CPU
		{7EEC26EF-7C23-442D-A6BC-882E2E03C826}.Release|Any CPU.ActiveCfg = Release|Any CPU
		{7EEC26EF-7C23-442D-A6BC-882E2E03C826}.Release|Any CPU.Build.0 = Release|Any CPU
		{AC483632-012D-47EA-A40B-8F2E781B9F9F}.Debug|Any CPU.ActiveCfg = Debug|Any CPU
		{AC483632-012D-47EA-A40B-8F2E781B9F9F}.Debug|Any CPU.Build.0 = Debug|Any CPU
		{AC483632-012D-47EA-A40B-8F2E781B9F9F}.Release|Any CPU.ActiveCfg = Release|Any CPU
		{AC483632-012D-47EA-A40B-8F2E781B9F9F}.Release|Any CPU.Build.0 = Release|Any CPU
	EndGlobalSection
	GlobalSection(SolutionProperties) = preSolution
		HideSolutionNode = FALSE
	EndGlobalSection
	GlobalSection(ExtensibilityGlobals) = postSolution
		SolutionGuid = {A3DE52B4-6703-41DB-A98C-4CAB2413ACA2}
	EndGlobalSection
EndGlobal
